
Microsoft Visual Studio Solution File, Format Version 12.00
# Visual Studio Version 16
VisualStudioVersion = 16.0.31624.102
MinimumVisualStudioVersion = 10.0.40219.1
Project("{FAE04EC0-301F-11D3-BF4B-00C04F79EFBC}") = "MinesweeperProgrammingProject", "MinesweeperProgrammingProject\MinesweeperProgrammingProject.csproj", "{80DDC3F5-D262-4E55-86C5-2FEC4F6364C6}"
EndProject
Global
	GlobalSection(SolutionConfigurationPlatforms) = preSolution
		Debug|Any CPU = Debug|Any CPU
		Release|Any CPU = Release|Any CPU
	EndGlobalSection
	GlobalSection(ProjectConfigurationPlatforms) = postSolution
		{80DDC3F5-D262-4E55-86C5-2FEC4F6364C6}.Debug|Any CPU.ActiveCfg = Debug|Any CPU
		{80DDC3F5-D262-4E55-86C5-2FEC4F6364C6}.Debug|Any CPU.Build.0 = Debug|Any CPU
		{80DDC3F5-D262-4E55-86C5-2FEC4F6364C6}.Release|Any CPU.ActiveCfg = Release|Any CPU
		{80DDC3F5-D262-4E55-86C5-2FEC4F6364C6}.Release|Any CPU.Build.0 = Release|Any CPU
	EndGlobalSection
	GlobalSection(SolutionProperties) = preSolution
		HideSolutionNode = FALSE
	EndGlobalSection
	GlobalSection(ExtensibilityGlobals) = postSolution
		SolutionGuid = {FC6A086B-AEFB-4808-9CFD-1B7F4DB860E9}
	EndGlobalSection
EndGlobal
